
Microsoft Visual Studio Solution File, Format Version 12.00
# Visual Studio Version 16
VisualStudioVersion = 16.0.32802.440
MinimumVisualStudioVersion = 10.0.40219.1
Project("{2150E333-8FDC-42A3-9474-1A3956D46DE8}") = "src", "src", "{1526DE9E-B57E-4B99-9046-3C56D94CC817}"
EndProject
Project("{2150E333-8FDC-42A3-9474-1A3956D46DE8}") = "Building Blocks", "Building Blocks", "{54648A32-91E7-4E2E-AFBA-4DDBD9E9983F}"
EndProject
Project("{2150E333-8FDC-42A3-9474-1A3956D46DE8}") = "Web", "Web", "{C7A7E7FD-2DA5-4B2F-8B70-6B3D78614B2A}"
EndProject
Project("{2150E333-8FDC-42A3-9474-1A3956D46DE8}") = "Services", "Services", "{6413DA6E-61C4-403E-AC84-2E1D6E7814E2}"
EndProject
Project("{2150E333-8FDC-42A3-9474-1A3956D46DE8}") = "Carrinho", "Carrinho", "{23BE014F-6B7B-4409-9CD2-D33FA583B5F4}"
EndProject
Project("{9A19103F-16F7-4668-BE54-9A1E7A4F7556}") = "StoreGeek.Carrinho.API", "src\services\StoreGeek.Carrinho.API\StoreGeek.Carrinho.API.csproj", "{AD6D0259-AE8C-4DD7-8984-1063526F1C40}"
EndProject
Project("{2150E333-8FDC-42A3-9474-1A3956D46DE8}") = "Identidade", "Identidade", "{621573C6-AB13-4252-82A3-A8BBB3604D82}"
EndProject
Project("{2150E333-8FDC-42A3-9474-1A3956D46DE8}") = "Catalogo", "Catalogo", "{8D6DB280-CB64-4D42-A199-54BA68C11933}"
EndProject
Project("{9A19103F-16F7-4668-BE54-9A1E7A4F7556}") = "StoreGeek.Catalogo.API", "src\Services\StoreGeek.Catalogo.API\StoreGeek.Catalogo.API.csproj", "{E7BE4839-CCBA-4B62-859B-9549F8BD81E1}"
EndProject
Project("{2150E333-8FDC-42A3-9474-1A3956D46DE8}") = "Cliente", "Cliente", "{72DC4735-4A9C-4B4C-8DD5-6FD2277577F8}"
EndProject
Project("{9A19103F-16F7-4668-BE54-9A1E7A4F7556}") = "StoreGeek.Cliente.API", "src\Services\StoreGeek.Cliente.API\StoreGeek.Cliente.API.csproj", "{B233F3E3-5512-48BF-8B03-45721BDBD9AE}"
EndProject
Project("{2150E333-8FDC-42A3-9474-1A3956D46DE8}") = "Pagamento", "Pagamento", "{0EE3C453-DF98-4418-820B-D42260B3A808}"
EndProject
Project("{9A19103F-16F7-4668-BE54-9A1E7A4F7556}") = "StoreGeek.Pagamento.API", "src\Services\StoreGeek.Pagamento.API\StoreGeek.Pagamento.API.csproj", "{B2CAC482-EC38-4BCD-A507-1BC1AE1C9857}"
EndProject
Project("{9A19103F-16F7-4668-BE54-9A1E7A4F7556}") = "StoreGeek.Pedido.API", "src\Services\StoreGeek.Pedido.API\StoreGeek.Pedido.API.csproj", "{0DE55717-BD84-41F9-B08D-15291B8E5E26}"
EndProject
Project("{9A19103F-16F7-4668-BE54-9A1E7A4F7556}") = "StoreGeek.Core", "src\Building Blocks\StoreGeek.Core\StoreGeek.Core.csproj", "{E91B5C88-316B-49EF-A698-FAB67A117610}"
EndProject
Project("{9A19103F-16F7-4668-BE54-9A1E7A4F7556}") = "StoreGeek.WebApp.MVC", "src\Web\StoreGeek.WebApp.MVC\StoreGeek.WebApp.MVC.csproj", "{1943216A-CDF9-4B66-9FD5-CC7DD53EE016}"
EndProject
Project("{2150E333-8FDC-42A3-9474-1A3956D46DE8}") = "Pedido", "Pedido", "{93452D3C-D980-4A98-8FDA-2E681EA57649}"
EndProject
Project("{FAE04EC0-301F-11D3-BF4B-00C04F79EFBC}") = "StoreGeek.Identidade.API", "src\Services\StoreGeek.Identidade.API\StoreGeek.Identidade.API.csproj", "{8B304A79-F9FE-4E4D-B481-C6ABD35D337A}"
EndProject
Global
	GlobalSection(SolutionConfigurationPlatforms) = preSolution
		Debug|Any CPU = Debug|Any CPU
		Release|Any CPU = Release|Any CPU
	EndGlobalSection
	GlobalSection(ProjectConfigurationPlatforms) = postSolution
		{AD6D0259-AE8C-4DD7-8984-1063526F1C40}.Debug|Any CPU.ActiveCfg = Debug|Any CPU
		{AD6D0259-AE8C-4DD7-8984-1063526F1C40}.Debug|Any CPU.Build.0 = Debug|Any CPU
		{AD6D0259-AE8C-4DD7-8984-1063526F1C40}.Release|Any CPU.ActiveCfg = Release|Any CPU
		{AD6D0259-AE8C-4DD7-8984-1063526F1C40}.Release|Any CPU.Build.0 = Release|Any CPU
		{E7BE4839-CCBA-4B62-859B-9549F8BD81E1}.Debug|Any CPU.ActiveCfg = Debug|Any CPU
		{E7BE4839-CCBA-4B62-859B-9549F8BD81E1}.Debug|Any CPU.Build.0 = Debug|Any CPU
		{E7BE4839-CCBA-4B62-859B-9549F8BD81E1}.Release|Any CPU.ActiveCfg = Release|Any CPU
		{E7BE4839-CCBA-4B62-859B-9549F8BD81E1}.Release|Any CPU.Build.0 = Release|Any CPU
		{B233F3E3-5512-48BF-8B03-45721BDBD9AE}.Debug|Any CPU.ActiveCfg = Debug|Any CPU
		{B233F3E3-5512-48BF-8B03-45721BDBD9AE}.Debug|Any CPU.Build.0 = Debug|Any CPU
		{B233F3E3-5512-48BF-8B03-45721BDBD9AE}.Release|Any CPU.ActiveCfg = Release|Any CPU
		{B233F3E3-5512-48BF-8B03-45721BDBD9AE}.Release|Any CPU.Build.0 = Release|Any CPU
		{B2CAC482-EC38-4BCD-A507-1BC1AE1C9857}.Debug|Any CPU.ActiveCfg = Debug|Any CPU
		{B2CAC482-EC38-4BCD-A507-1BC1AE1C9857}.Debug|Any CPU.Build.0 = Debug|Any CPU
		{B2CAC482-EC38-4BCD-A507-1BC1AE1C9857}.Release|Any CPU.ActiveCfg = Release|Any CPU
		{B2CAC482-EC38-4BCD-A507-1BC1AE1C9857}.Release|Any CPU.Build.0 = Release|Any CPU
		{0DE55717-BD84-41F9-B08D-15291B8E5E26}.Debug|Any CPU.ActiveCfg = Debug|Any CPU
		{0DE55717-BD84-41F9-B08D-15291B8E5E26}.Debug|Any CPU.Build.0 = Debug|Any CPU
		{0DE55717-BD84-41F9-B08D-15291B8E5E26}.Release|Any CPU.ActiveCfg = Release|Any CPU
		{0DE55717-BD84-41F9-B08D-15291B8E5E26}.Release|Any CPU.Build.0 = Release|Any CPU
		{E91B5C88-316B-49EF-A698-FAB67A117610}.Debug|Any CPU.ActiveCfg = Debug|Any CPU
		{E91B5C88-316B-49EF-A698-FAB67A117610}.Debug|Any CPU.Build.0 = Debug|Any CPU
		{E91B5C88-316B-49EF-A698-FAB67A117610}.Release|Any CPU.ActiveCfg = Release|Any CPU
		{E91B5C88-316B-49EF-A698-FAB67A117610}.Release|Any CPU.Build.0 = Release|Any CPU
		{1943216A-CDF9-4B66-9FD5-CC7DD53EE016}.Debug|Any CPU.ActiveCfg = Debug|Any CPU
		{1943216A-CDF9-4B66-9FD5-CC7DD53EE016}.Debug|Any CPU.Build.0 = Debug|Any CPU
		{1943216A-CDF9-4B66-9FD5-CC7DD53EE016}.Release|Any CPU.ActiveCfg = Release|Any CPU
		{1943216A-CDF9-4B66-9FD5-CC7DD53EE016}.Release|Any CPU.Build.0 = Release|Any CPU
		{8B304A79-F9FE-4E4D-B481-C6ABD35D337A}.Debug|Any CPU.ActiveCfg = Debug|Any CPU
		{8B304A79-F9FE-4E4D-B481-C6ABD35D337A}.Debug|Any CPU.Build.0 = Debug|Any CPU
		{8B304A79-F9FE-4E4D-B481-C6ABD35D337A}.Release|Any CPU.ActiveCfg = Release|Any CPU
		{8B304A79-F9FE-4E4D-B481-C6ABD35D337A}.Release|Any CPU.Build.0 = Release|Any CPU
	EndGlobalSection
	GlobalSection(SolutionProperties) = preSolution
		HideSolutionNode = FALSE
	EndGlobalSection
	GlobalSection(NestedProjects) = preSolution
		{54648A32-91E7-4E2E-AFBA-4DDBD9E9983F} = {1526DE9E-B57E-4B99-9046-3C56D94CC817}
		{C7A7E7FD-2DA5-4B2F-8B70-6B3D78614B2A} = {1526DE9E-B57E-4B99-9046-3C56D94CC817}
		{6413DA6E-61C4-403E-AC84-2E1D6E7814E2} = {1526DE9E-B57E-4B99-9046-3C56D94CC817}
		{23BE014F-6B7B-4409-9CD2-D33FA583B5F4} = {6413DA6E-61C4-403E-AC84-2E1D6E7814E2}
		{AD6D0259-AE8C-4DD7-8984-1063526F1C40} = {23BE014F-6B7B-4409-9CD2-D33FA583B5F4}
		{621573C6-AB13-4252-82A3-A8BBB3604D82} = {6413DA6E-61C4-403E-AC84-2E1D6E7814E2}
		{8D6DB280-CB64-4D42-A199-54BA68C11933} = {6413DA6E-61C4-403E-AC84-2E1D6E7814E2}
		{E7BE4839-CCBA-4B62-859B-9549F8BD81E1} = {8D6DB280-CB64-4D42-A199-54BA68C11933}
		{72DC4735-4A9C-4B4C-8DD5-6FD2277577F8} = {6413DA6E-61C4-403E-AC84-2E1D6E7814E2}
		{B233F3E3-5512-48BF-8B03-45721BDBD9AE} = {72DC4735-4A9C-4B4C-8DD5-6FD2277577F8}
		{0EE3C453-DF98-4418-820B-D42260B3A808} = {6413DA6E-61C4-403E-AC84-2E1D6E7814E2}
		{B2CAC482-EC38-4BCD-A507-1BC1AE1C9857} = {0EE3C453-DF98-4418-820B-D42260B3A808}
		{0DE55717-BD84-41F9-B08D-15291B8E5E26} = {93452D3C-D980-4A98-8FDA-2E681EA57649}
		{E91B5C88-316B-49EF-A698-FAB67A117610} = {54648A32-91E7-4E2E-AFBA-4DDBD9E9983F}
		{1943216A-CDF9-4B66-9FD5-CC7DD53EE016} = {C7A7E7FD-2DA5-4B2F-8B70-6B3D78614B2A}
		{93452D3C-D980-4A98-8FDA-2E681EA57649} = {6413DA6E-61C4-403E-AC84-2E1D6E7814E2}
		{8B304A79-F9FE-4E4D-B481-C6ABD35D337A} = {621573C6-AB13-4252-82A3-A8BBB3604D82}
	EndGlobalSection
	GlobalSection(ExtensibilityGlobals) = postSolution
		SolutionGuid = {470D18AF-0AD4-45D8-B4D9-693B5DB72EC8}
	EndGlobalSection
EndGlobal
